github.com/infobloxopen/go-trees v0.0.0-20200715205103-96a057b8dfb9 h1:w66aaP3c6SIQ0pi3QH1Tb4AMO3aWoEPxd1CNvLphbkA=
github.com/infobloxopen/go-trees v0.0.0-20200715205103-96a057b8dfb9/go.mod h1:BaIJzjD2ZnHmx2acPF6XfGLPzNCMiBbMRqJr+8/8uRI=
github.com/pmezard/go-difflib v1.0.0/go.mod h1:iKH77koFhYxTK1pcRnkKkqfTogsbg7gZNVY4sRDYZ/4=
gopkg.in/check.v1 v0.0.0-20161208181325-20d25e280405/go.mod h1:Co6ibVJAznAaIkqp8huTwlJQCZ016jof/cbN4VW5Yz0=
gopkg.in/yaml.v2 v2.3.0/go.mod h1:hI93XBmqTisBFMUTm0b8Fm+jr3Dg1NNxqwp+5A1VGuI=
